
Microsoft Visual Studio Solution File, Format Version 12.00
# Visual Studio Version 17
VisualStudioVersion = 17.2.32526.322
MinimumVisualStudioVersion = 10.0.40219.1
Project("{9A19103F-16F7-4668-BE54-9A1E7A4F7556}") = "ModderDLL", "ModderDLL.csproj", "{8BF30F5A-9E71-4838-A130-6B3B8CA8032B}"
EndProject
Global
	GlobalSection(SolutionConfigurationPlatforms) = preSolution
		Debug|Any CPU = Debug|Any CPU
		Release|Any CPU = Release|Any CPU
	EndGlobalSection
	GlobalSection(ProjectConfigurationPlatforms) = postSolution
		{8BF30F5A-9E71-4838-A130-6B3B8CA8032B}.Debug|Any CPU.ActiveCfg = Debug|Any CPU
		{8BF30F5A-9E71-4838-A130-6B3B8CA8032B}.Debug|Any CPU.Build.0 = Debug|Any CPU
		{8BF30F5A-9E71-4838-A130-6B3B8CA8032B}.Release|Any CPU.ActiveCfg = Release|Any CPU
		{8BF30F5A-9E71-4838-A130-6B3B8CA8032B}.Release|Any CPU.Build.0 = Release|Any CPU
	EndGlobalSection
	GlobalSection(SolutionProperties) = preSolution
		HideSolutionNode = FALSE
	EndGlobalSection
	GlobalSection(ExtensibilityGlobals) = postSolution
		SolutionGuid = {4902F1AE-13AD-4728-9755-CB8DF75BC3D0}
	EndGlobalSection
EndGlobal
